
Microsoft Visual Studio Solution File, Format Version 12.00
# Visual Studio Version 17
VisualStudioVersion = 17.5.33516.290
MinimumVisualStudioVersion = 10.0.40219.1
Project("{FAE04EC0-301F-11D3-BF4B-00C04F79EFBC}") = "DesafioDeCodigoPwc", "DesafioDeCodigoPwc\DesafioDeCodigoPwc.csproj", "{C8D74DBE-8EBC-4831-BC05-8607050684C6}"
EndProject
Project("{FAE04EC0-301F-11D3-BF4B-00C04F79EFBC}") = "DesafioDeCodigoPwc.Tests", "DesafioDeCodigoPwc.Tests\DesafioDeCodigoPwc.Tests.csproj", "{C2FA02EA-22C0-4797-97E3-B7834D429CE8}"
EndProject
Global
	GlobalSection(SolutionConfigurationPlatforms) = preSolution
		Debug|Any CPU = Debug|Any CPU
		Release|Any CPU = Release|Any CPU
	EndGlobalSection
	GlobalSection(ProjectConfigurationPlatforms) = postSolution
		{C8D74DBE-8EBC-4831-BC05-8607050684C6}.Debug|Any CPU.ActiveCfg = Debug|Any CPU
		{C8D74DBE-8EBC-4831-BC05-8607050684C6}.Debug|Any CPU.Build.0 = Debug|Any CPU
		{C8D74DBE-8EBC-4831-BC05-8607050684C6}.Release|Any CPU.ActiveCfg = Release|Any CPU
		{C8D74DBE-8EBC-4831-BC05-8607050684C6}.Release|Any CPU.Build.0 = Release|Any CPU
		{C2FA02EA-22C0-4797-97E3-B7834D429CE8}.Debug|Any CPU.ActiveCfg = Debug|Any CPU
		{C2FA02EA-22C0-4797-97E3-B7834D429CE8}.Debug|Any CPU.Build.0 = Debug|Any CPU
		{C2FA02EA-22C0-4797-97E3-B7834D429CE8}.Release|Any CPU.ActiveCfg = Release|Any CPU
		{C2FA02EA-22C0-4797-97E3-B7834D429CE8}.Release|Any CPU.Build.0 = Release|Any CPU
	EndGlobalSection
	GlobalSection(SolutionProperties) = preSolution
		HideSolutionNode = FALSE
	EndGlobalSection
	GlobalSection(ExtensibilityGlobals) = postSolution
		SolutionGuid = {EA189074-B680-43A6-8860-618C227FEC4B}
	EndGlobalSection
EndGlobal
